{
    "_readme": [
        "This file locks the dependencies of your project to a known state",
        "Read more about it at https://getcomposer.org/doc/01-basic-usage.md#installing-dependencies",
        "This file is @generated automatically"
    ],
    "content-hash": "532134c8cf6cc60d5d5b632f4b8e491e",
    "packages": [
        {
            "name": "logiscape/mcp-sdk-php",
            "version": "v1.2.2",
            "source": {
                "type": "git",
                "url": "https://github.com/logiscape/mcp-sdk-php.git",
                "reference": "75a5e8e166e4622b4ef8a66cc2bb112eb7291985"
            },
            "dist": {
                "type": "zip",
                "url": "https://api.github.com/repos/logiscape/mcp-sdk-php/zipball/75a5e8e166e4622b4ef8a66cc2bb112eb7291985",
                "reference": "75a5e8e166e4622b4ef8a66cc2bb112eb7291985",
                "shasum": ""
            },
            "require": {
                "ext-curl": "*",
                "ext-json": "*",
                "php": ">=8.1",
                "psr/log": "^2.0 ||^3.0"
            },
            "require-dev": {
                "phpunit/phpunit": "^10.0"
            },
            "suggest": {
                "ext-pcntl": "For better process handling in CLI environments",
                "monolog/monolog": "^3.0 - For debugging and logging capabilities"
            },
            "type": "library",
            "autoload": {
                "psr-4": {
                    "Mcp\\": "src/"
                }
            },
            "notification-url": "https://packagist.org/downloads/",
            "license": [
                "MIT"
            ],
            "description": "Model Context Protocol SDK for PHP",
            "support": {
                "issues": "https://github.com/logiscape/mcp-sdk-php/issues",
                "source": "https://github.com/logiscape/mcp-sdk-php/tree/v1.2.2"
            },
            "time": "2025-07-09T21:35:25+00:00"
        },
        {
            "name": "psr/log",
            "version": "3.0.2",
            "source": {
                "type": "git",
                "url": "https://github.com/php-fig/log.git",
                "reference": "f16e1d5863e37f8d8c2a01719f5b34baa2b714d3"
            },
            "dist": {
                "type": "zip",
                "url": "https://api.github.com/repos/php-fig/log/zipball/f16e1d5863e37f8d8c2a01719f5b34baa2b714d3",
                "reference": "f16e1d5863e37f8d8c2a01719f5b34baa2b714d3",
                "shasum": ""
            },
            "require": {
                "php": ">=8.0.0"
            },
            "type": "library",
            "extra": {
                "branch-alias": {
                    "dev-master": "3.x-dev"
                }
            },
            "autoload": {
                "psr-4": {
                    "Psr\\Log\\": "src"
                }
            },
            "notification-url": "https://packagist.org/downloads/",
            "license": [
                "MIT"
            ],
            "authors": [
                {
                    "name": "PHP-FIG",
                    "homepage": "https://www.php-fig.org/"
                }
            ],
            "description": "Common interface for logging libraries",
            "homepage": "https://github.com/php-fig/log",
            "keywords": [
                "log",
                "psr",
                "psr-3"
            ],
            "support": {
                "source": "https://github.com/php-fig/log/tree/3.0.2"
            },
            "time": "2024-09-11T13:17:53+00:00"
        }
    ],
    "packages-dev": [],
    "aliases": [],
    "minimum-stability": "stable",
    "stability-flags": [],
    "prefer-stable": false,
    "prefer-lowest": false,
    "platform": [],
    "platform-dev": [],
    "plugin-api-version": "2.3.0"
}
